
Microsoft Visual Studio Solution File, Format Version 12.00
# Visual Studio 15
VisualStudioVersion = 15.0.28010.2003
MinimumVisualStudioVersion = 10.0.40219.1
Project("{9A19103F-16F7-4668-BE54-9A1E7A4F7556}") = "ReactSeed.WebApp", "ReactSeed.WebApp.csproj", "{08C5428E-D62E-4A57-86B5-C0CB2CF7DC5E}"
EndProject
Global
	GlobalSection(SolutionConfigurationPlatforms) = preSolution
		Debug|Any CPU = Debug|Any CPU
		Release|Any CPU = Release|Any CPU
	EndGlobalSection
	GlobalSection(ProjectConfigurationPlatforms) = postSolution
		{08C5428E-D62E-4A57-86B5-C0CB2CF7DC5E}.Debug|Any CPU.ActiveCfg = Debug|Any CPU
		{08C5428E-D62E-4A57-86B5-C0CB2CF7DC5E}.Debug|Any CPU.Build.0 = Debug|Any CPU
		{08C5428E-D62E-4A57-86B5-C0CB2CF7DC5E}.Release|Any CPU.ActiveCfg = Release|Any CPU
		{08C5428E-D62E-4A57-86B5-C0CB2CF7DC5E}.Release|Any CPU.Build.0 = Release|Any CPU
	EndGlobalSection
	GlobalSection(SolutionProperties) = preSolution
		HideSolutionNode = FALSE
	EndGlobalSection
	GlobalSection(ExtensibilityGlobals) = postSolution
		SolutionGuid = {A2BFBFF2-F60A-42DF-8EA0-D5B9B24A9739}
	EndGlobalSection
EndGlobal
